
Microsoft Visual Studio Solution File, Format Version 12.00
# Visual Studio Version 16
VisualStudioVersion = 16.0.30907.101
MinimumVisualStudioVersion = 10.0.40219.1
Project("{FAE04EC0-301F-11D3-BF4B-00C04F79EFBC}") = "Arreglos_", "Arreglos_\Arreglos_.csproj", "{C2BE33EE-5485-4C0D-AC23-F34E2BA10AF1}"
EndProject
Global
	GlobalSection(SolutionConfigurationPlatforms) = preSolution
		Debug|Any CPU = Debug|Any CPU
		Release|Any CPU = Release|Any CPU
	EndGlobalSection
	GlobalSection(ProjectConfigurationPlatforms) = postSolution
		{C2BE33EE-5485-4C0D-AC23-F34E2BA10AF1}.Debug|Any CPU.ActiveCfg = Debug|Any CPU
		{C2BE33EE-5485-4C0D-AC23-F34E2BA10AF1}.Debug|Any CPU.Build.0 = Debug|Any CPU
		{C2BE33EE-5485-4C0D-AC23-F34E2BA10AF1}.Release|Any CPU.ActiveCfg = Release|Any CPU
		{C2BE33EE-5485-4C0D-AC23-F34E2BA10AF1}.Release|Any CPU.Build.0 = Release|Any CPU
	EndGlobalSection
	GlobalSection(SolutionProperties) = preSolution
		HideSolutionNode = FALSE
	EndGlobalSection
	GlobalSection(ExtensibilityGlobals) = postSolution
		SolutionGuid = {1CD7AA96-7C2B-4115-AAD4-3F3EB15E8FE3}
	EndGlobalSection
EndGlobal
